# THIS IS AN AUTOGENERATED FILE. DO NOT EDIT THIS FILE DIRECTLY.
# yarn lockfile v1


"@chainlink/contracts@^0.3.0":
  version "0.3.1"
  resolved "https://registry.yarnpkg.com/@chainlink/contracts/-/contracts-0.3.1.tgz#a1a2e1b179a6ce6a9b5b16992f6202918110ef5c"
  integrity sha512-A8DRvmfNCwLS1iduPPj7wNAZJMe9/ZimMhoHhbbBiq+7Vq/HFjiNcdoQ5NinFdXD5aTsoNUGG5pAYKj7YMpm9A==

"@divergencetech/ethier@^0.31.0":
  version "0.31.0"
  resolved "https://registry.yarnpkg.com/@divergencetech/ethier/-/ethier-0.31.0.tgz#7e83a154c2b99292953a026dc4d0eefb4bc5ef37"
  integrity sha512-eSS4HONoD1BiuEu2jEv17TTehyQLLt0J0qgrApn8x1DMBfrhA9lpw/wpwPR8o7kBRarOxHppRtLZGehURW64MQ==
  dependencies:
    "@chainlink/contracts" "^0.3.0"
    "@openzeppelin/contracts" "^4.6"
    "@openzeppelin/contracts-upgradeable" "^4.4.1"
    erc721a "^4.0.0"

"@openzeppelin/contracts-upgradeable@^4.4.1":
  version "4.6.0"
  resolved "https://registry.yarnpkg.com/@openzeppelin/contracts-upgradeable/-/contracts-upgradeable-4.6.0.tgz#1bf55f230f008554d4c6fe25eb165b85112108b0"
  integrity sha512-5OnVuO4HlkjSCJO165a4i2Pu1zQGzMs//o54LPrwUgxvEO2P3ax1QuaSI0cEHHTveA77guS0PnNugpR2JMsPfA==

"@openzeppelin/contracts@^4.6":
  version "4.6.0"
  resolved "https://registry.yarnpkg.com/@openzeppelin/contracts/-/contracts-4.6.0.tgz#c91cf64bc27f573836dba4122758b4743418c1b3"
  integrity sha512-8vi4d50NNya/bQqCmaVzvHNmwHvS0OBKb7HNtuNwEE3scXWrP31fKQoGxNMT+KbzmrNZzatE3QK5p2gFONI/hg==

erc721a@^4.0.0:
  version "4.0.0"
  resolved "https://registry.yarnpkg.com/erc721a/-/erc721a-4.0.0.tgz#df9427ffa24c998fb33610bc558febfd932ec8d1"
  integrity sha512-FXlJ3owiDWGQleXV5t1aE5fgMpzCaP5ZMg9ZamP1Xv4p6JdCj3QlKQDvP8BvT+Jn7p4TtqTcHNUMfh+xoHGhGw==
